
Microsoft Visual Studio Solution File, Format Version 12.00
# Visual Studio Version 16
VisualStudioVersion = 16.0.30503.244
MinimumVisualStudioVersion = 10.0.40219.1
Project("{FAE04EC0-301F-11D3-BF4B-00C04F79EFBC}") = "ECommerce", "ECommerce\ECommerce.csproj", "{905DC505-DFDB-425C-8CEA-B3C024C6465C}"
EndProject
Project("{FAE04EC0-301F-11D3-BF4B-00C04F79EFBC}") = "ECommerce.Data", "ECommerce.Data\ECommerce.Data.csproj", "{C75A136B-2C25-47FF-9927-56A5C4D0878B}"
EndProject
Project("{FAE04EC0-301F-11D3-BF4B-00C04F79EFBC}") = "Ecommerce.Service", "Ecommerce.Service\Ecommerce.Service.csproj", "{98E68B18-91F7-49F0-8B09-8DB9160870DD}"
EndProject
Project("{2150E333-8FDC-42A3-9474-1A3956D46DE8}") = "Solution Items", "Solution Items", "{69F0E50C-04BA-494E-8FBA-BE1C2CA789DA}"
	ProjectSection(SolutionItems) = preProject
		README.md = README.md
	EndProjectSection
EndProject
Global
	GlobalSection(SolutionConfigurationPlatforms) = preSolution
		Debug|Any CPU = Debug|Any CPU
		Release|Any CPU = Release|Any CPU
	EndGlobalSection
	GlobalSection(ProjectConfigurationPlatforms) = postSolution
		{905DC505-DFDB-425C-8CEA-B3C024C6465C}.Debug|Any CPU.ActiveCfg = Debug|Any CPU
		{905DC505-DFDB-425C-8CEA-B3C024C6465C}.Debug|Any CPU.Build.0 = Debug|Any CPU
		{905DC505-DFDB-425C-8CEA-B3C024C6465C}.Release|Any CPU.ActiveCfg = Release|Any CPU
		{905DC505-DFDB-425C-8CEA-B3C024C6465C}.Release|Any CPU.Build.0 = Release|Any CPU
		{C75A136B-2C25-47FF-9927-56A5C4D0878B}.Debug|Any CPU.ActiveCfg = Debug|Any CPU
		{C75A136B-2C25-47FF-9927-56A5C4D0878B}.Debug|Any CPU.Build.0 = Debug|Any CPU
		{C75A136B-2C25-47FF-9927-56A5C4D0878B}.Release|Any CPU.ActiveCfg = Release|Any CPU
		{C75A136B-2C25-47FF-9927-56A5C4D0878B}.Release|Any CPU.Build.0 = Release|Any CPU
		{98E68B18-91F7-49F0-8B09-8DB9160870DD}.Debug|Any CPU.ActiveCfg = Debug|Any CPU
		{98E68B18-91F7-49F0-8B09-8DB9160870DD}.Debug|Any CPU.Build.0 = Debug|Any CPU
		{98E68B18-91F7-49F0-8B09-8DB9160870DD}.Release|Any CPU.ActiveCfg = Release|Any CPU
		{98E68B18-91F7-49F0-8B09-8DB9160870DD}.Release|Any CPU.Build.0 = Release|Any CPU
	EndGlobalSection
	GlobalSection(SolutionProperties) = preSolution
		HideSolutionNode = FALSE
	EndGlobalSection
	GlobalSection(ExtensibilityGlobals) = postSolution
		SolutionGuid = {7523735A-40B2-4BC2-BCC3-F3FA25247F25}
	EndGlobalSection
EndGlobal
